// !$*UTF8*$!
{
	archiveVersion = 1;
	classes = {
	};
	objectVersion = 50;
	objects = {

/* Begin PBXBuildFile section */
		4F1A96D223DF9F5700AD3BC3 /* AppDelegate.m in Sources */ = {isa = PBXBuildFile; fileRef = 4F1A96D123DF9F5700AD3BC3 /* AppDelegate.m */; };
		4F1A96D523DF9F5700AD3BC3 /* SceneDelegate.m in Sources */ = {isa = PBXBuildFile; fileRef = 4F1A96D423DF9F5700AD3BC3 /* SceneDelegate.m */; };
		4F1A96D823DF9F5700AD3BC3 /* ViewController.m in Sources */ = {isa = PBXBuildFile; fileRef = 4F1A96D723DF9F5700AD3BC3 /* ViewController.m */; };
		4F1A96DB23DF9F5700AD3BC3 /* Main.storyboard in Resources */ = {isa = PBXBuildFile; fileRef = 4F1A96D923DF9F5700AD3BC3 /* Main.storyboard */; };
		4F1A96DD23DF9F5A00AD3BC3 /* Assets.xcassets in Resources */ = {isa = PBXBuildFile; fileRef = 4F1A96DC23DF9F5A00AD3BC3 /* Assets.xcassets */; };
		4F1A96E023DF9F5A00AD3BC3 /* LaunchScreen.storyboard in Resources */ = {isa = PBXBuildFile; fileRef = 4F1A96DE23DF9F5A00AD3BC3 /* LaunchScreen.storyboard */; };
		4F1A96E323DF9F5A00AD3BC3 /* main.m in Sources */ = {isa = PBXBuildFile; fileRef = 4F1A96E223DF9F5A00AD3BC3 /* main.m */; };
		4F1A96EB23DFA0AF00AD3BC3 /* DetailViewController.swift in Sources */ = {isa = PBXBuildFile; fileRef = 4F1A96EA23DFA0AF00AD3BC3 /* DetailViewController.swift */; };
		4F1A96ED23DFAFB700AD3BC3 /* MainCollectionViewController.swift in Sources */ = {isa = PBXBuildFile; fileRef = 4F1A96EC23DFAFB700AD3BC3 /* MainCollectionViewController.swift */; };
		4F1A96F323DFB04600AD3BC3 /* CCCSolDescription.m in Sources */ = {isa = PBXBuildFile; fileRef = 4F1A96F223DFB04600AD3BC3 /* CCCSolDescription.m */; };
		4F1A96F623DFB05E00AD3BC3 /* CCMarsRover.m in Sources */ = {isa = PBXBuildFile; fileRef = 4F1A96F523DFB05E00AD3BC3 /* CCMarsRover.m */; };
		4F1A96F823DFB09000AD3BC3 /* Camera.swift in Sources */ = {isa = PBXBuildFile; fileRef = 4F1A96F723DFB09000AD3BC3 /* Camera.swift */; };
		4F1A96FB23DFB0B000AD3BC3 /* CCCMarsPhotoReference.m in Sources */ = {isa = PBXBuildFile; fileRef = 4F1A96FA23DFB0B000AD3BC3 /* CCCMarsPhotoReference.m */; };
		4F1A96FE23DFB0F200AD3BC3 /* CCCMarsRoverClient.m in Sources */ = {isa = PBXBuildFile; fileRef = 4F1A96FD23DFB0F200AD3BC3 /* CCCMarsRoverClient.m */; };
		4F1A970223DFB1E600AD3BC3 /* CCCCache.m in Sources */ = {isa = PBXBuildFile; fileRef = 4F1A970123DFB1E600AD3BC3 /* CCCCache.m */; };
		4F1A970523DFB23600AD3BC3 /* ImageCollectionViewCell.swift in Sources */ = {isa = PBXBuildFile; fileRef = 4F1A970423DFB23600AD3BC3 /* ImageCollectionViewCell.swift */; };
		4F1A970923DFB26C00AD3BC3 /* CCCFetchPhotoOperation.m in Sources */ = {isa = PBXBuildFile; fileRef = 4F1A970823DFB26C00AD3BC3 /* CCCFetchPhotoOperation.m */; };
/* End PBXBuildFile section */

/* Begin PBXFileReference section */
		4F1A96CD23DF9F5700AD3BC3 /* Astronomy-ObjC.app */ = {isa = PBXFileReference; explicitFileType = wrapper.application; includeInIndex = 0; path = "Astronomy-ObjC.app"; sourceTree = BUILT_PRODUCTS_DIR; };
		4F1A96D023DF9F5700AD3BC3 /* AppDelegate.h */ = {isa = PBXFileReference; lastKnownFileType = sourcecode.c.h; path = AppDelegate.h; sourceTree = "<group>"; };
		4F1A96D123DF9F5700AD3BC3 /* AppDelegate.m */ = {isa = PBXFileReference; lastKnownFileType = sourcecode.c.objc; path = AppDelegate.m; sourceTree = "<group>"; };
		4F1A96D323DF9F5700AD3BC3 /* SceneDelegate.h */ = {isa = PBXFileReference; lastKnownFileType = sourcecode.c.h; path = SceneDelegate.h; sourceTree = "<group>"; };
		4F1A96D423DF9F5700AD3BC3 /* SceneDelegate.m */ = {isa = PBXFileReference; lastKnownFileType = sourcecode.c.objc; path = SceneDelegate.m; sourceTree = "<group>"; };
		4F1A96D623DF9F5700AD3BC3 /* ViewController.h */ = {isa = PBXFileReference; lastKnownFileType = sourcecode.c.h; path = ViewController.h; sourceTree = "<group>"; };
		4F1A96D723DF9F5700AD3BC3 /* ViewController.m */ = {isa = PBXFileReference; lastKnownFileType = sourcecode.c.objc; path = ViewController.m; sourceTree = "<group>"; };
		4F1A96DA23DF9F5700AD3BC3 /* Base */ = {isa = PBXFileReference; lastKnownFileType = file.storyboard; name = Base; path = Base.lproj/Main.storyboard; sourceTree = "<group>"; };
		4F1A96DC23DF9F5A00AD3BC3 /* Assets.xcassets */ = {isa = PBXFileReference; lastKnownFileType = folder.assetcatalog; path = Assets.xcassets; sourceTree = "<group>"; };
		4F1A96DF23DF9F5A00AD3BC3 /* Base */ = {isa = PBXFileReference; lastKnownFileType = file.storyboard; name = Base; path = Base.lproj/LaunchScreen.storyboard; sourceTree = "<group>"; };
		4F1A96E123DF9F5A00AD3BC3 /* Info.plist */ = {isa = PBXFileReference; lastKnownFileType = text.plist.xml; path = Info.plist; sourceTree = "<group>"; };
		4F1A96E223DF9F5A00AD3BC3 /* main.m */ = {isa = PBXFileReference; lastKnownFileType = sourcecode.c.objc; path = main.m; sourceTree = "<group>"; };
		4F1A96E923DFA0AE00AD3BC3 /* Astronomy-ObjC-Bridging-Header.h */ = {isa = PBXFileReference; lastKnownFileType = sourcecode.c.h; path = "Astronomy-ObjC-Bridging-Header.h"; sourceTree = "<group>"; };
		4F1A96EA23DFA0AF00AD3BC3 /* DetailViewController.swift */ = {isa = PBXFileReference; lastKnownFileType = sourcecode.swift; path = DetailViewController.swift; sourceTree = "<group>"; };
		4F1A96EC23DFAFB700AD3BC3 /* MainCollectionViewController.swift */ = {isa = PBXFileReference; lastKnownFileType = sourcecode.swift; path = MainCollectionViewController.swift; sourceTree = "<group>"; };
		4F1A96F123DFB04600AD3BC3 /* CCCSolDescription.h */ = {isa = PBXFileReference; lastKnownFileType = sourcecode.c.h; path = CCCSolDescription.h; sourceTree = "<group>"; };
		4F1A96F223DFB04600AD3BC3 /* CCCSolDescription.m */ = {isa = PBXFileReference; lastKnownFileType = sourcecode.c.objc; path = CCCSolDescription.m; sourceTree = "<group>"; };
		4F1A96F423DFB05E00AD3BC3 /* CCCMarsRover.h */ = {isa = PBXFileReference; lastKnownFileType = sourcecode.c.h; path = CCCMarsRover.h; sourceTree = "<group>"; };
		4F1A96F523DFB05E00AD3BC3 /* CCMarsRover.m */ = {isa = PBXFileReference; lastKnownFileType = sourcecode.c.objc; path = CCMarsRover.m; sourceTree = "<group>"; };
		4F1A96F723DFB09000AD3BC3 /* Camera.swift */ = {isa = PBXFileReference; lastKnownFileType = sourcecode.swift; path = Camera.swift; sourceTree = "<group>"; };
		4F1A96F923DFB0B000AD3BC3 /* CCCMarsPhotoReference.h */ = {isa = PBXFileReference; lastKnownFileType = sourcecode.c.h; path = CCCMarsPhotoReference.h; sourceTree = "<group>"; };
		4F1A96FA23DFB0B000AD3BC3 /* CCCMarsPhotoReference.m */ = {isa = PBXFileReference; lastKnownFileType = sourcecode.c.objc; path = CCCMarsPhotoReference.m; sourceTree = "<group>"; };
		4F1A96FD23DFB0F200AD3BC3 /* CCCMarsRoverClient.m */ = {isa = PBXFileReference; lastKnownFileType = sourcecode.c.objc; path = CCCMarsRoverClient.m; sourceTree = "<group>"; };
		4F1A96FF23DFB1A800AD3BC3 /* CCCMarsRoverClient.h */ = {isa = PBXFileReference; lastKnownFileType = sourcecode.c.h; path = CCCMarsRoverClient.h; sourceTree = "<group>"; };
		4F1A970023DFB1E600AD3BC3 /* CCCCache.h */ = {isa = PBXFileReference; lastKnownFileType = sourcecode.c.h; path = CCCCache.h; sourceTree = "<group>"; };
		4F1A970123DFB1E600AD3BC3 /* CCCCache.m */ = {isa = PBXFileReference; lastKnownFileType = sourcecode.c.objc; path = CCCCache.m; sourceTree = "<group>"; };
		4F1A970423DFB23600AD3BC3 /* ImageCollectionViewCell.swift */ = {isa = PBXFileReference; lastKnownFileType = sourcecode.swift; path = ImageCollectionViewCell.swift; sourceTree = "<group>"; };
		4F1A970723DFB26C00AD3BC3 /* CCCFetchPhotoOperation.h */ = {isa = PBXFileReference; lastKnownFileType = sourcecode.c.h; path = CCCFetchPhotoOperation.h; sourceTree = "<group>"; };
		4F1A970823DFB26C00AD3BC3 /* CCCFetchPhotoOperation.m */ = {isa = PBXFileReference; lastKnownFileType = sourcecode.c.objc; path = CCCFetchPhotoOperation.m; sourceTree = "<group>"; };
/* End PBXFileReference section */

/* Begin PBXFrameworksBuildPhase section */
		4F1A96CA23DF9F5700AD3BC3 /* Frameworks */ = {
			isa = PBXFrameworksBuildPhase;
			buildActionMask = 2147483647;
			files = (
			);
			runOnlyForDeploymentPostprocessing = 0;
		};
/* End PBXFrameworksBuildPhase section */

/* Begin PBXGroup section */
		4F1A96C423DF9F5700AD3BC3 = {
			isa = PBXGroup;
			children = (
				4F1A96CF23DF9F5700AD3BC3 /* Astronomy-ObjC */,
				4F1A96CE23DF9F5700AD3BC3 /* Products */,
				4F1A96E923DFA0AE00AD3BC3 /* Astronomy-ObjC-Bridging-Header.h */,
			);
			sourceTree = "<group>";
		};
		4F1A96CE23DF9F5700AD3BC3 /* Products */ = {
			isa = PBXGroup;
			children = (
				4F1A96CD23DF9F5700AD3BC3 /* Astronomy-ObjC.app */,
			);
			name = Products;
			sourceTree = "<group>";
		};
		4F1A96CF23DF9F5700AD3BC3 /* Astronomy-ObjC */ = {
			isa = PBXGroup;
			children = (
				4F1A970A23DFB27400AD3BC3 /* Operation */,
				4F1A970623DFB24100AD3BC3 /* Views */,
				4F1A970323DFB1F600AD3BC3 /* Networking */,
				4F1A96FC23DFB0CC00AD3BC3 /* Model */,
				4F1A96EE23DFAFC100AD3BC3 /* ViewControllers */,
				4F1A96D023DF9F5700AD3BC3 /* AppDelegate.h */,
				4F1A96D123DF9F5700AD3BC3 /* AppDelegate.m */,
				4F1A96D323DF9F5700AD3BC3 /* SceneDelegate.h */,
				4F1A96D423DF9F5700AD3BC3 /* SceneDelegate.m */,
				4F1A96D623DF9F5700AD3BC3 /* ViewController.h */,
				4F1A96D723DF9F5700AD3BC3 /* ViewController.m */,
				4F1A96D923DF9F5700AD3BC3 /* Main.storyboard */,
				4F1A96DC23DF9F5A00AD3BC3 /* Assets.xcassets */,
				4F1A96DE23DF9F5A00AD3BC3 /* LaunchScreen.storyboard */,
				4F1A96E123DF9F5A00AD3BC3 /* Info.plist */,
				4F1A96E223DF9F5A00AD3BC3 /* main.m */,
			);
			path = "Astronomy-ObjC";
			sourceTree = "<group>";
		};
		4F1A96EE23DFAFC100AD3BC3 /* ViewControllers */ = {
			isa = PBXGroup;
			children = (
				4F1A96EA23DFA0AF00AD3BC3 /* DetailViewController.swift */,
				4F1A96EC23DFAFB700AD3BC3 /* MainCollectionViewController.swift */,
			);
			path = ViewControllers;
			sourceTree = "<group>";
		};
		4F1A96FC23DFB0CC00AD3BC3 /* Model */ = {
			isa = PBXGroup;
			children = (
				4F1A96F123DFB04600AD3BC3 /* CCCSolDescription.h */,
				4F1A96F223DFB04600AD3BC3 /* CCCSolDescription.m */,
				4F1A96F423DFB05E00AD3BC3 /* CCCMarsRover.h */,
				4F1A96F523DFB05E00AD3BC3 /* CCMarsRover.m */,
				4F1A96F923DFB0B000AD3BC3 /* CCCMarsPhotoReference.h */,
				4F1A96FA23DFB0B000AD3BC3 /* CCCMarsPhotoReference.m */,
				4F1A96F723DFB09000AD3BC3 /* Camera.swift */,
			);
			path = Model;
			sourceTree = "<group>";
		};
		4F1A970323DFB1F600AD3BC3 /* Networking */ = {
			isa = PBXGroup;
			children = (
				4F1A96FD23DFB0F200AD3BC3 /* CCCMarsRoverClient.m */,
				4F1A96FF23DFB1A800AD3BC3 /* CCCMarsRoverClient.h */,
				4F1A970023DFB1E600AD3BC3 /* CCCCache.h */,
				4F1A970123DFB1E600AD3BC3 /* CCCCache.m */,
			);
			path = Networking;
			sourceTree = "<group>";
		};
		4F1A970623DFB24100AD3BC3 /* Views */ = {
			isa = PBXGroup;
			children = (
				4F1A970423DFB23600AD3BC3 /* ImageCollectionViewCell.swift */,
			);
			path = Views;
			sourceTree = "<group>";
		};
		4F1A970A23DFB27400AD3BC3 /* Operation */ = {
			isa = PBXGroup;
			children = (
				4F1A970723DFB26C00AD3BC3 /* CCCFetchPhotoOperation.h */,
				4F1A970823DFB26C00AD3BC3 /* CCCFetchPhotoOperation.m */,
			);
			path = Operation;
			sourceTree = "<group>";
		};
/* End PBXGroup section */

/* Begin PBXNativeTarget section */
		4F1A96CC23DF9F5700AD3BC3 /* Astronomy-ObjC */ = {
			isa = PBXNativeTarget;
			buildConfigurationList = 4F1A96E623DF9F5A00AD3BC3 /* Build configuration list for PBXNativeTarget "Astronomy-ObjC" */;
			buildPhases = (
				4F1A96C923DF9F5700AD3BC3 /* Sources */,
				4F1A96CA23DF9F5700AD3BC3 /* Frameworks */,
				4F1A96CB23DF9F5700AD3BC3 /* Resources */,
			);
			buildRules = (
			);
			dependencies = (
			);
			name = "Astronomy-ObjC";
			productName = "Astronomy-ObjC";
			productReference = 4F1A96CD23DF9F5700AD3BC3 /* Astronomy-ObjC.app */;
			productType = "com.apple.product-type.application";
		};
/* End PBXNativeTarget section */

/* Begin PBXProject section */
		4F1A96C523DF9F5700AD3BC3 /* Project object */ = {
			isa = PBXProject;
			attributes = {
				LastUpgradeCheck = 1130;
				ORGANIZATIONNAME = "Jonalynn Masters";
				TargetAttributes = {
					4F1A96CC23DF9F5700AD3BC3 = {
						CreatedOnToolsVersion = 11.3;
						LastSwiftMigration = 1130;
					};
				};
			};
			buildConfigurationList = 4F1A96C823DF9F5700AD3BC3 /* Build configuration list for PBXProject "Astronomy-ObjC" */;
			compatibilityVersion = "Xcode 9.3";
			developmentRegion = en;
			hasScannedForEncodings = 0;
			knownRegions = (
				en,
				Base,
			);
			mainGroup = 4F1A96C423DF9F5700AD3BC3;
			productRefGroup = 4F1A96CE23DF9F5700AD3BC3 /* Products */;
			projectDirPath = "";
			projectRoot = "";
			targets = (
				4F1A96CC23DF9F5700AD3BC3 /* Astronomy-ObjC */,
			);
		};
/* End PBXProject section */

/* Begin PBXResourcesBuildPhase section */
		4F1A96CB23DF9F5700AD3BC3 /* Resources */ = {
			isa = PBXResourcesBuildPhase;
			buildActionMask = 2147483647;
			files = (
				4F1A96E023DF9F5A00AD3BC3 /* LaunchScreen.storyboard in Resources */,
				4F1A96DD23DF9F5A00AD3BC3 /* Assets.xcassets in Resources */,
				4F1A96DB23DF9F5700AD3BC3 /* Main.storyboard in Resources */,
			);
			runOnlyForDeploymentPostprocessing = 0;
		};
/* End PBXResourcesBuildPhase section */

/* Begin PBXSourcesBuildPhase section */
		4F1A96C923DF9F5700AD3BC3 /* Sources */ = {
			isa = PBXSourcesBuildPhase;
			buildActionMask = 2147483647;
			files = (
				4F1A96D823DF9F5700AD3BC3 /* ViewController.m in Sources */,
				4F1A96ED23DFAFB700AD3BC3 /* MainCollectionViewController.swift in Sources */,
				4F1A970523DFB23600AD3BC3 /* ImageCollectionViewCell.swift in Sources */,
				4F1A96FB23DFB0B000AD3BC3 /* CCCMarsPhotoReference.m in Sources */,
				4F1A96D223DF9F5700AD3BC3 /* AppDelegate.m in Sources */,
				4F1A96EB23DFA0AF00AD3BC3 /* DetailViewController.swift in Sources */,
				4F1A96E323DF9F5A00AD3BC3 /* main.m in Sources */,
				4F1A96D523DF9F5700AD3BC3 /* SceneDelegate.m in Sources */,
				4F1A96F323DFB04600AD3BC3 /* CCCSolDescription.m in Sources */,
				4F1A96F623DFB05E00AD3BC3 /* CCMarsRover.m in Sources */,
				4F1A970923DFB26C00AD3BC3 /* CCCFetchPhotoOperation.m in Sources */,
				4F1A96FE23DFB0F200AD3BC3 /* CCCMarsRoverClient.m in Sources */,
				4F1A970223DFB1E600AD3BC3 /* CCCCache.m in Sources */,
				4F1A96F823DFB09000AD3BC3 /* Camera.swift in Sources */,
			);
			runOnlyForDeploymentPostprocessing = 0;
		};
/* End PBXSourcesBuildPhase section */

/* Begin PBXVariantGroup section */
		4F1A96D923DF9F5700AD3BC3 /* Main.storyboard */ = {
			isa = PBXVariantGroup;
			children = (
				4F1A96DA23DF9F5700AD3BC3 /* Base */,
			);
			name = Main.storyboard;
			sourceTree = "<group>";
		};
		4F1A96DE23DF9F5A00AD3BC3 /* LaunchScreen.storyboard */ = {
			isa = PBXVariantGroup;
			children = (
				4F1A96DF23DF9F5A00AD3BC3 /* Base */,
			);
			name = LaunchScreen.storyboard;
			sourceTree = "<group>";
		};
/* End PBXVariantGroup section */

/* Begin XCBuildConfiguration section */
		4F1A96E423DF9F5A00AD3BC3 /* Debug */ = {
			isa = XCBuildConfiguration;
			buildSettings = {
				ALWAYS_SEARCH_USER_PATHS = NO;
				CLANG_ANALYZER_NONNULL = YES;
				CLANG_ANALYZER_NUMBER_OBJECT_CONVERSION = YES_AGGRESSIVE;
				CLANG_CXX_LANGUAGE_STANDARD = "gnu++14";
				CLANG_CXX_LIBRARY = "libc++";
				CLANG_ENABLE_MODULES = YES;
				CLANG_ENABLE_OBJC_ARC = YES;
				CLANG_ENABLE_OBJC_WEAK = YES;
				CLANG_WARN_BLOCK_CAPTURE_AUTORELEASING = YES;
				CLANG_WARN_BOOL_CONVERSION = YES;
				CLANG_WARN_COMMA = YES;
				CLANG_WARN_CONSTANT_CONVERSION = YES;
				CLANG_WARN_DEPRECATED_OBJC_IMPLEMENTATIONS = YES;
				CLANG_WARN_DIRECT_OBJC_ISA_USAGE = YES_ERROR;
				CLANG_WARN_DOCUMENTATION_COMMENTS = YES;
				CLANG_WARN_EMPTY_BODY = YES;
				CLANG_WARN_ENUM_CONVERSION = YES;
				CLANG_WARN_INFINITE_RECURSION = YES;
				CLANG_WARN_INT_CONVERSION = YES;
				CLANG_WARN_NON_LITERAL_NULL_CONVERSION = YES;
				CLANG_WARN_OBJC_IMPLICIT_RETAIN_SELF = YES;
				CLANG_WARN_OBJC_LITERAL_CONVERSION = YES;
				CLANG_WARN_OBJC_ROOT_CLASS = YES_ERROR;
				CLANG_WARN_RANGE_LOOP_ANALYSIS = YES;
				CLANG_WARN_STRICT_PROTOTYPES = YES;
				CLANG_WARN_SUSPICIOUS_MOVE = YES;
				CLANG_WARN_UNGUARDED_AVAILABILITY = YES_AGGRESSIVE;
				CLANG_WARN_UNREACHABLE_CODE = YES;
				CLANG_WARN__DUPLICATE_METHOD_MATCH = YES;
				COPY_PHASE_STRIP = NO;
				DEBUG_INFORMATION_FORMAT = dwarf;
				ENABLE_STRICT_OBJC_MSGSEND = YES;
				ENABLE_TESTABILITY = YES;
				GCC_C_LANGUAGE_STANDARD = gnu11;
				GCC_DYNAMIC_NO_PIC = NO;
				GCC_NO_COMMON_BLOCKS = YES;
				GCC_OPTIMIZATION_LEVEL = 0;
				GCC_PREPROCESSOR_DEFINITIONS = (
					"DEBUG=1",
					"$(inherited)",
				);
				GCC_WARN_64_TO_32_BIT_CONVERSION = YES;
				GCC_WARN_ABOUT_RETURN_TYPE = YES_ERROR;
				GCC_WARN_UNDECLARED_SELECTOR = YES;
				GCC_WARN_UNINITIALIZED_AUTOS = YES_AGGRESSIVE;
				GCC_WARN_UNUSED_FUNCTION = YES;
				GCC_WARN_UNUSED_VARIABLE = YES;
				IPHONEOS_DEPLOYMENT_TARGET = 13.2;
				MTL_ENABLE_DEBUG_INFO = INCLUDE_SOURCE;
				MTL_FAST_MATH = YES;
				ONLY_ACTIVE_ARCH = YES;
				SDKROOT = iphoneos;
			};
			name = Debug;
		};
		4F1A96E523DF9F5A00AD3BC3 /* Release */ = {
			isa = XCBuildConfiguration;
			buildSettings = {
				ALWAYS_SEARCH_USER_PATHS = NO;
				CLANG_ANALYZER_NONNULL = YES;
				CLANG_ANALYZER_NUMBER_OBJECT_CONVERSION = YES_AGGRESSIVE;
				CLANG_CXX_LANGUAGE_STANDARD = "gnu++14";
				CLANG_CXX_LIBRARY = "libc++";
				CLANG_ENABLE_MODULES = YES;
				CLANG_ENABLE_OBJC_ARC = YES;
				CLANG_ENABLE_OBJC_WEAK = YES;
				CLANG_WARN_BLOCK_CAPTURE_AUTORELEASING = YES;
				CLANG_WARN_BOOL_CONVERSION = YES;
				CLANG_WARN_COMMA = YES;
				CLANG_WARN_CONSTANT_CONVERSION = YES;
				CLANG_WARN_DEPRECATED_OBJC_IMPLEMENTATIONS = YES;
				CLANG_WARN_DIRECT_OBJC_ISA_USAGE = YES_ERROR;
				CLANG_WARN_DOCUMENTATION_COMMENTS = YES;
				CLANG_WARN_EMPTY_BODY = YES;
				CLANG_WARN_ENUM_CONVERSION = YES;
				CLANG_WARN_INFINITE_RECURSION = YES;
				CLANG_WARN_INT_CONVERSION = YES;
				CLANG_WARN_NON_LITERAL_NULL_CONVERSION = YES;
				CLANG_WARN_OBJC_IMPLICIT_RETAIN_SELF = YES;
				CLANG_WARN_OBJC_LITERAL_CONVERSION = YES;
				CLANG_WARN_OBJC_ROOT_CLASS = YES_ERROR;
				CLANG_WARN_RANGE_LOOP_ANALYSIS = YES;
				CLANG_WARN_STRICT_PROTOTYPES = YES;
				CLANG_WARN_SUSPICIOUS_MOVE = YES;
				CLANG_WARN_UNGUARDED_AVAILABILITY = YES_AGGRESSIVE;
				CLANG_WARN_UNREACHABLE_CODE = YES;
				CLANG_WARN__DUPLICATE_METHOD_MATCH = YES;
				COPY_PHASE_STRIP = NO;
				DEBUG_INFORMATION_FORMAT = "dwarf-with-dsym";
				ENABLE_NS_ASSERTIONS = NO;
				ENABLE_STRICT_OBJC_MSGSEND = YES;
				GCC_C_LANGUAGE_STANDARD = gnu11;
				GCC_NO_COMMON_BLOCKS = YES;
				GCC_WARN_64_TO_32_BIT_CONVERSION = YES;
				GCC_WARN_ABOUT_RETURN_TYPE = YES_ERROR;
				GCC_WARN_UNDECLARED_SELECTOR = YES;
				GCC_WARN_UNINITIALIZED_AUTOS = YES_AGGRESSIVE;
				GCC_WARN_UNUSED_FUNCTION = YES;
				GCC_WARN_UNUSED_VARIABLE = YES;
				IPHONEOS_DEPLOYMENT_TARGET = 13.2;
				MTL_ENABLE_DEBUG_INFO = NO;
				MTL_FAST_MATH = YES;
				SDKROOT = iphoneos;
				VALIDATE_PRODUCT = YES;
			};
			name = Release;
		};
		4F1A96E723DF9F5A00AD3BC3 /* Debug */ = {
			isa = XCBuildConfiguration;
			buildSettings = {
				ASSETCATALOG_COMPILER_APPICON_NAME = AppIcon;
				CLANG_ENABLE_MODULES = YES;
				CODE_SIGN_STYLE = Automatic;
				DEFINES_MODULE = YES;
				DEVELOPMENT_TEAM = BHPNM53Q62;
				INFOPLIST_FILE = "Astronomy-ObjC/Info.plist";
				LD_RUNPATH_SEARCH_PATHS = (
					"$(inherited)",
					"@executable_path/Frameworks",
				);
				PRODUCT_BUNDLE_IDENTIFIER = "com.jonalynnMasters.Astronomy-ObjC";
				PRODUCT_NAME = "$(TARGET_NAME)";
				SWIFT_OBJC_BRIDGING_HEADER = "Astronomy-ObjC-Bridging-Header.h";
				SWIFT_OPTIMIZATION_LEVEL = "-Onone";
				SWIFT_VERSION = 5.0;
				TARGETED_DEVICE_FAMILY = "1,2";
			};
			name = Debug;
		};
		4F1A96E823DF9F5A00AD3BC3 /* Release */ = {
			isa = XCBuildConfiguration;
			buildSettings = {
				ASSETCATALOG_COMPILER_APPICON_NAME = AppIcon;
				CLANG_ENABLE_MODULES = YES;
				CODE_SIGN_STYLE = Automatic;
				DEFINES_MODULE = YES;
				DEVELOPMENT_TEAM = BHPNM53Q62;
				INFOPLIST_FILE = "Astronomy-ObjC/Info.plist";
				LD_RUNPATH_SEARCH_PATHS = (
					"$(inherited)",
					"@executable_path/Frameworks",
				);
				PRODUCT_BUNDLE_IDENTIFIER = "com.jonalynnMasters.Astronomy-ObjC";
				PRODUCT_NAME = "$(TARGET_NAME)";
				SWIFT_OBJC_BRIDGING_HEADER = "Astronomy-ObjC-Bridging-Header.h";
				SWIFT_VERSION = 5.0;
				TARGETED_DEVICE_FAMILY = "1,2";
			};
			name = Release;
		};
/* End XCBuildConfiguration section */

/* Begin XCConfigurationList section */
		4F1A96C823DF9F5700AD3BC3 /* Build configuration list for PBXProject "Astronomy-ObjC" */ = {
			isa = XCConfigurationList;
			buildConfigurations = (
				4F1A96E423DF9F5A00AD3BC3 /* Debug */,
				4F1A96E523DF9F5A00AD3BC3 /* Release */,
			);
			defaultConfigurationIsVisible = 0;
			defaultConfigurationName = Release;
		};
		4F1A96E623DF9F5A00AD3BC3 /* Build configuration list for PBXNativeTarget "Astronomy-ObjC" */ = {
			isa = XCConfigurationList;
			buildConfigurations = (
				4F1A96E723DF9F5A00AD3BC3 /* Debug */,
				4F1A96E823DF9F5A00AD3BC3 /* Release */,
			);
			defaultConfigurationIsVisible = 0;
			defaultConfigurationName = Release;
		};
/* End XCConfigurationList section */
	};
	rootObject = 4F1A96C523DF9F5700AD3BC3 /* Project object */;
}
